
Microsoft Visual Studio Solution File, Format Version 12.00
# Visual Studio Version 17
VisualStudioVersion = 17.2.32526.322
MinimumVisualStudioVersion = 10.0.40219.1
Project("{9A19103F-16F7-4668-BE54-9A1E7A4F7556}") = "ExeAula01", "ExeAula01\ExeAula01.csproj", "{ED71F9CF-2082-482E-A6E4-724668B41391}"
EndProject
Project("{FAE04EC0-301F-11D3-BF4B-00C04F79EFBC}") = "ExerAula02", "ExerAula02\ExerAula02.csproj", "{77E2DDF3-C3F4-4A16-BA89-860FCAA3BE5B}"
EndProject
Project("{FAE04EC0-301F-11D3-BF4B-00C04F79EFBC}") = "ExerAula03", "ExerAula03\ExerAula03.csproj", "{A574566D-E3C8-4DED-A9D7-8F93678F698E}"
EndProject
Global
	GlobalSection(SolutionConfigurationPlatforms) = preSolution
		Debug|Any CPU = Debug|Any CPU
		Release|Any CPU = Release|Any CPU
	EndGlobalSection
	GlobalSection(ProjectConfigurationPlatforms) = postSolution
		{ED71F9CF-2082-482E-A6E4-724668B41391}.Debug|Any CPU.ActiveCfg = Debug|Any CPU
		{ED71F9CF-2082-482E-A6E4-724668B41391}.Debug|Any CPU.Build.0 = Debug|Any CPU
		{ED71F9CF-2082-482E-A6E4-724668B41391}.Release|Any CPU.ActiveCfg = Release|Any CPU
		{ED71F9CF-2082-482E-A6E4-724668B41391}.Release|Any CPU.Build.0 = Release|Any CPU
		{77E2DDF3-C3F4-4A16-BA89-860FCAA3BE5B}.Debug|Any CPU.ActiveCfg = Debug|Any CPU
		{77E2DDF3-C3F4-4A16-BA89-860FCAA3BE5B}.Debug|Any CPU.Build.0 = Debug|Any CPU
		{77E2DDF3-C3F4-4A16-BA89-860FCAA3BE5B}.Release|Any CPU.ActiveCfg = Release|Any CPU
		{77E2DDF3-C3F4-4A16-BA89-860FCAA3BE5B}.Release|Any CPU.Build.0 = Release|Any CPU
		{A574566D-E3C8-4DED-A9D7-8F93678F698E}.Debug|Any CPU.ActiveCfg = Debug|Any CPU
		{A574566D-E3C8-4DED-A9D7-8F93678F698E}.Debug|Any CPU.Build.0 = Debug|Any CPU
		{A574566D-E3C8-4DED-A9D7-8F93678F698E}.Release|Any CPU.ActiveCfg = Release|Any CPU
		{A574566D-E3C8-4DED-A9D7-8F93678F698E}.Release|Any CPU.Build.0 = Release|Any CPU
	EndGlobalSection
	GlobalSection(SolutionProperties) = preSolution
		HideSolutionNode = FALSE
	EndGlobalSection
	GlobalSection(ExtensibilityGlobals) = postSolution
		SolutionGuid = {50E232B2-17AD-477D-B9C7-97379897D486}
	EndGlobalSection
EndGlobal
